
Microsoft Visual Studio Solution File, Format Version 12.00
# Visual Studio Version 16
VisualStudioVersion = 16.0.30804.86
MinimumVisualStudioVersion = 10.0.40219.1
Project("{9A19103F-16F7-4668-BE54-9A1E7A4F7556}") = "Kampİntro", "Kampİntro\Kampİntro.csproj", "{2017FEAA-E6D4-440D-8719-4CE337A213BC}"
EndProject
Project("{9A19103F-16F7-4668-BE54-9A1E7A4F7556}") = "Donguler", "Donguler\Donguler.csproj", "{DE187D7F-C1D6-4E60-90C6-849E93EE8276}"
EndProject
Project("{9A19103F-16F7-4668-BE54-9A1E7A4F7556}") = "ClassIntro", "ClassIntro\ClassIntro.csproj", "{A7D7F4E7-91A8-4E28-8297-4D34289C08A8}"
EndProject
Project("{9A19103F-16F7-4668-BE54-9A1E7A4F7556}") = "Metotlar", "Metods\Metotlar.csproj", "{F4BF189E-D00A-4FD8-BAC1-61986A0E4BD1}"
EndProject
Project("{9A19103F-16F7-4668-BE54-9A1E7A4F7556}") = "Matematik", "Matematik\Matematik.csproj", "{56BC9FFA-4A34-465F-B091-A26261450A1E}"
EndProject
Project("{9A19103F-16F7-4668-BE54-9A1E7A4F7556}") = "DegerVeReferansTipler", "DegerVeReferansTipler\DegerVeReferansTipler.csproj", "{8B5C047E-6666-4887-8A43-9EDF3E8F6549}"
EndProject
Project("{9A19103F-16F7-4668-BE54-9A1E7A4F7556}") = "ClassMetotDemo", "ClassMetotDemo\ClassMetotDemo.csproj", "{2272D07C-1B1D-4A1C-ACBC-3CF3C99492C4}"
EndProject
Project("{FAE04EC0-301F-11D3-BF4B-00C04F79EFBC}") = "OOP_1", "OOP_1\OOP_1.csproj", "{444B2BB6-0E0A-46AA-9742-8A1A29F8A72C}"
EndProject
Project("{FAE04EC0-301F-11D3-BF4B-00C04F79EFBC}") = "Koleksiyonlar", "Koleksiyonlar\Koleksiyonlar.csproj", "{BADC5562-16A8-4075-8B32-9E5366DC89AE}"
EndProject
Project("{FAE04EC0-301F-11D3-BF4B-00C04F79EFBC}") = "GenericsIntro", "GenericsIntro\GenericsIntro.csproj", "{93CC7573-82CA-41F0-8B79-30D01D0D0C4F}"
EndProject
Global
	GlobalSection(SolutionConfigurationPlatforms) = preSolution
		Debug|Any CPU = Debug|Any CPU
		Release|Any CPU = Release|Any CPU
	EndGlobalSection
	GlobalSection(ProjectConfigurationPlatforms) = postSolution
		{2017FEAA-E6D4-440D-8719-4CE337A213BC}.Debug|Any CPU.ActiveCfg = Debug|Any CPU
		{2017FEAA-E6D4-440D-8719-4CE337A213BC}.Debug|Any CPU.Build.0 = Debug|Any CPU
		{2017FEAA-E6D4-440D-8719-4CE337A213BC}.Release|Any CPU.ActiveCfg = Release|Any CPU
		{2017FEAA-E6D4-440D-8719-4CE337A213BC}.Release|Any CPU.Build.0 = Release|Any CPU
		{DE187D7F-C1D6-4E60-90C6-849E93EE8276}.Debug|Any CPU.ActiveCfg = Debug|Any CPU
		{DE187D7F-C1D6-4E60-90C6-849E93EE8276}.Debug|Any CPU.Build.0 = Debug|Any CPU
		{DE187D7F-C1D6-4E60-90C6-849E93EE8276}.Release|Any CPU.ActiveCfg = Release|Any CPU
		{DE187D7F-C1D6-4E60-90C6-849E93EE8276}.Release|Any CPU.Build.0 = Release|Any CPU
		{A7D7F4E7-91A8-4E28-8297-4D34289C08A8}.Debug|Any CPU.ActiveCfg = Debug|Any CPU
		{A7D7F4E7-91A8-4E28-8297-4D34289C08A8}.Debug|Any CPU.Build.0 = Debug|Any CPU
		{A7D7F4E7-91A8-4E28-8297-4D34289C08A8}.Release|Any CPU.ActiveCfg = Release|Any CPU
		{A7D7F4E7-91A8-4E28-8297-4D34289C08A8}.Release|Any CPU.Build.0 = Release|Any CPU
		{F4BF189E-D00A-4FD8-BAC1-61986A0E4BD1}.Debug|Any CPU.ActiveCfg = Debug|Any CPU
		{F4BF189E-D00A-4FD8-BAC1-61986A0E4BD1}.Debug|Any CPU.Build.0 = Debug|Any CPU
		{F4BF189E-D00A-4FD8-BAC1-61986A0E4BD1}.Release|Any CPU.ActiveCfg = Release|Any CPU
		{F4BF189E-D00A-4FD8-BAC1-61986A0E4BD1}.Release|Any CPU.Build.0 = Release|Any CPU
		{56BC9FFA-4A34-465F-B091-A26261450A1E}.Debug|Any CPU.ActiveCfg = Debug|Any CPU
		{56BC9FFA-4A34-465F-B091-A26261450A1E}.Debug|Any CPU.Build.0 = Debug|Any CPU
		{56BC9FFA-4A34-465F-B091-A26261450A1E}.Release|Any CPU.ActiveCfg = Release|Any CPU
		{56BC9FFA-4A34-465F-B091-A26261450A1E}.Release|Any CPU.Build.0 = Release|Any CPU
		{8B5C047E-6666-4887-8A43-9EDF3E8F6549}.Debug|Any CPU.ActiveCfg = Debug|Any CPU
		{8B5C047E-6666-4887-8A43-9EDF3E8F6549}.Debug|Any CPU.Build.0 = Debug|Any CPU
		{8B5C047E-6666-4887-8A43-9EDF3E8F6549}.Release|Any CPU.ActiveCfg = Release|Any CPU
		{8B5C047E-6666-4887-8A43-9EDF3E8F6549}.Release|Any CPU.Build.0 = Release|Any CPU
		{2272D07C-1B1D-4A1C-ACBC-3CF3C99492C4}.Debug|Any CPU.ActiveCfg = Debug|Any CPU
		{2272D07C-1B1D-4A1C-ACBC-3CF3C99492C4}.Debug|Any CPU.Build.0 = Debug|Any CPU
		{2272D07C-1B1D-4A1C-ACBC-3CF3C99492C4}.Release|Any CPU.ActiveCfg = Release|Any CPU
		{2272D07C-1B1D-4A1C-ACBC-3CF3C99492C4}.Release|Any CPU.Build.0 = Release|Any CPU
		{444B2BB6-0E0A-46AA-9742-8A1A29F8A72C}.Debug|Any CPU.ActiveCfg = Debug|Any CPU
		{444B2BB6-0E0A-46AA-9742-8A1A29F8A72C}.Debug|Any CPU.Build.0 = Debug|Any CPU
		{444B2BB6-0E0A-46AA-9742-8A1A29F8A72C}.Release|Any CPU.ActiveCfg = Release|Any CPU
		{444B2BB6-0E0A-46AA-9742-8A1A29F8A72C}.Release|Any CPU.Build.0 = Release|Any CPU
		{BADC5562-16A8-4075-8B32-9E5366DC89AE}.Debug|Any CPU.ActiveCfg = Debug|Any CPU
		{BADC5562-16A8-4075-8B32-9E5366DC89AE}.Debug|Any CPU.Build.0 = Debug|Any CPU
		{BADC5562-16A8-4075-8B32-9E5366DC89AE}.Release|Any CPU.ActiveCfg = Release|Any CPU
		{BADC5562-16A8-4075-8B32-9E5366DC89AE}.Release|Any CPU.Build.0 = Release|Any CPU
		{93CC7573-82CA-41F0-8B79-30D01D0D0C4F}.Debug|Any CPU.ActiveCfg = Debug|Any CPU
		{93CC7573-82CA-41F0-8B79-30D01D0D0C4F}.Debug|Any CPU.Build.0 = Debug|Any CPU
		{93CC7573-82CA-41F0-8B79-30D01D0D0C4F}.Release|Any CPU.ActiveCfg = Release|Any CPU
		{93CC7573-82CA-41F0-8B79-30D01D0D0C4F}.Release|Any CPU.Build.0 = Release|Any CPU
	EndGlobalSection
	GlobalSection(SolutionProperties) = preSolution
		HideSolutionNode = FALSE
	EndGlobalSection
	GlobalSection(ExtensibilityGlobals) = postSolution
		SolutionGuid = {466E3B4B-D6E4-4D8E-9EB4-3B9ECB89D8A7}
	EndGlobalSection
EndGlobal
